
Microsoft Visual Studio Solution File, Format Version 12.00
# Visual Studio 2012
Project("{FAE04EC0-301F-11D3-BF4B-00C04F79EFBC}") = "ExcelGenelatorByEPPlus", "ExcelGenelatorByEPPlus\ExcelGenelatorByEPPlus.csproj", "{D21D372B-F050-469B-9537-4C8B1A4DF06D}"
EndProject
Global
	GlobalSection(SolutionConfigurationPlatforms) = preSolution
		Debug|x86 = Debug|x86
		Release|x86 = Release|x86
	EndGlobalSection
	GlobalSection(ProjectConfigurationPlatforms) = postSolution
		{D21D372B-F050-469B-9537-4C8B1A4DF06D}.Debug|x86.ActiveCfg = Debug|x86
		{D21D372B-F050-469B-9537-4C8B1A4DF06D}.Debug|x86.Build.0 = Debug|x86
		{D21D372B-F050-469B-9537-4C8B1A4DF06D}.Release|x86.ActiveCfg = Release|x86
		{D21D372B-F050-469B-9537-4C8B1A4DF06D}.Release|x86.Build.0 = Release|x86
	EndGlobalSection
EndGlobal
